
Microsoft Visual Studio Solution File, Format Version 12.00
# Visual Studio Version 16
VisualStudioVersion = 16.0.29306.81
MinimumVisualStudioVersion = 10.0.40219.1
Project("{8BC9CEB8-8B4A-11D0-8D11-00A0C91BC942}") = "Exercices 01", "Exercices 01\Exercices 01.vcxproj", "{F83694A0-BD75-4BB6-BA8A-9FEAAB3703D7}"
EndProject
Global
	GlobalSection(SolutionConfigurationPlatforms) = preSolution
		Debug|x64 = Debug|x64
		Debug|x86 = Debug|x86
		Release|x64 = Release|x64
		Release|x86 = Release|x86
	EndGlobalSection
	GlobalSection(ProjectConfigurationPlatforms) = postSolution
		{F83694A0-BD75-4BB6-BA8A-9FEAAB3703D7}.Debug|x64.ActiveCfg = Debug|x64
		{F83694A0-BD75-4BB6-BA8A-9FEAAB3703D7}.Debug|x64.Build.0 = Debug|x64
		{F83694A0-BD75-4BB6-BA8A-9FEAAB3703D7}.Debug|x86.ActiveCfg = Debug|Win32
		{F83694A0-BD75-4BB6-BA8A-9FEAAB3703D7}.Debug|x86.Build.0 = Debug|Win32
		{F83694A0-BD75-4BB6-BA8A-9FEAAB3703D7}.Release|x64.ActiveCfg = Release|x64
		{F83694A0-BD75-4BB6-BA8A-9FEAAB3703D7}.Release|x64.Build.0 = Release|x64
		{F83694A0-BD75-4BB6-BA8A-9FEAAB3703D7}.Release|x86.ActiveCfg = Release|Win32
		{F83694A0-BD75-4BB6-BA8A-9FEAAB3703D7}.Release|x86.Build.0 = Release|Win32
	EndGlobalSection
	GlobalSection(SolutionProperties) = preSolution
		HideSolutionNode = FALSE
	EndGlobalSection
	GlobalSection(ExtensibilityGlobals) = postSolution
		SolutionGuid = {A1D735F0-114D-401A-9BF5-C6D89E820F5B}
	EndGlobalSection
EndGlobal
